// !$*UTF8*$!
{
	archiveVersion = 1;
	classes = {
	};
	objectVersion = 55;
	objects = {

/* Begin PBXBuildFile section */
		18C52995974AFF81C2C0B891 /* Pods_NewsApp.framework in Frameworks */ = {isa = PBXBuildFile; fileRef = CAE3AC8564B440D9D5F3F83E /* Pods_NewsApp.framework */; };
		307B8B27274CB59B00F87767 /* AppDelegate.swift in Sources */ = {isa = PBXBuildFile; fileRef = 307B8B26274CB59B00F87767 /* AppDelegate.swift */; };
		307B8B29274CB59B00F87767 /* SceneDelegate.swift in Sources */ = {isa = PBXBuildFile; fileRef = 307B8B28274CB59B00F87767 /* SceneDelegate.swift */; };
		307B8B30274CB59D00F87767 /* Assets.xcassets in Resources */ = {isa = PBXBuildFile; fileRef = 307B8B2F274CB59D00F87767 /* Assets.xcassets */; };
		307B8B33274CB59D00F87767 /* LaunchScreen.storyboard in Resources */ = {isa = PBXBuildFile; fileRef = 307B8B31274CB59D00F87767 /* LaunchScreen.storyboard */; };
		307B8B3B274CB5FF00F87767 /* MainViewController.swift in Sources */ = {isa = PBXBuildFile; fileRef = 307B8B3A274CB5FF00F87767 /* MainViewController.swift */; };
		307B8B41274CB84A00F87767 /* NetworkManager.swift in Sources */ = {isa = PBXBuildFile; fileRef = 307B8B40274CB84A00F87767 /* NetworkManager.swift */; };
		307B8B44274CB8E600F87767 /* APIKey.swift in Sources */ = {isa = PBXBuildFile; fileRef = 307B8B43274CB8E600F87767 /* APIKey.swift */; };
		307B8B47274CB9C600F87767 /* News.swift in Sources */ = {isa = PBXBuildFile; fileRef = 307B8B46274CB9C600F87767 /* News.swift */; };
		307B8B4A274CC19300F87767 /* Response.swift in Sources */ = {isa = PBXBuildFile; fileRef = 307B8B49274CC19300F87767 /* Response.swift */; };
		307B8B4C274CC50B00F87767 /* NewsBundle.swift in Sources */ = {isa = PBXBuildFile; fileRef = 307B8B4B274CC50B00F87767 /* NewsBundle.swift */; };
		307B8B54274CDE9300F87767 /* ArticleViewModel.swift in Sources */ = {isa = PBXBuildFile; fileRef = 307B8B53274CDE9300F87767 /* ArticleViewModel.swift */; };
		307B8B57274CED3200F87767 /* NewsViewModel.swift in Sources */ = {isa = PBXBuildFile; fileRef = 307B8B56274CED3200F87767 /* NewsViewModel.swift */; };
		307B8B5A274D11C000F87767 /* NetworkError.swift in Sources */ = {isa = PBXBuildFile; fileRef = 307B8B59274D11C000F87767 /* NetworkError.swift */; };
		307B8B5D274D165500F87767 /* HeaderView.swift in Sources */ = {isa = PBXBuildFile; fileRef = 307B8B5C274D165500F87767 /* HeaderView.swift */; };
		307B8B5F274D1F4600F87767 /* ShadowImageView.swift in Sources */ = {isa = PBXBuildFile; fileRef = 307B8B5E274D1F4600F87767 /* ShadowImageView.swift */; };
		307B8B61274D23EC00F87767 /* NewsTableViewCell.swift in Sources */ = {isa = PBXBuildFile; fileRef = 307B8B60274D23EC00F87767 /* NewsTableViewCell.swift */; };
/* End PBXBuildFile section */

/* Begin PBXFileReference section */
		307B8B23274CB59B00F87767 /* NewsApp.app */ = {isa = PBXFileReference; explicitFileType = wrapper.application; includeInIndex = 0; path = NewsApp.app; sourceTree = BUILT_PRODUCTS_DIR; };
		307B8B26274CB59B00F87767 /* AppDelegate.swift */ = {isa = PBXFileReference; lastKnownFileType = sourcecode.swift; path = AppDelegate.swift; sourceTree = "<group>"; };
		307B8B28274CB59B00F87767 /* SceneDelegate.swift */ = {isa = PBXFileReference; lastKnownFileType = sourcecode.swift; path = SceneDelegate.swift; sourceTree = "<group>"; };
		307B8B2F274CB59D00F87767 /* Assets.xcassets */ = {isa = PBXFileReference; lastKnownFileType = folder.assetcatalog; path = Assets.xcassets; sourceTree = "<group>"; };
		307B8B32274CB59D00F87767 /* Base */ = {isa = PBXFileReference; lastKnownFileType = file.storyboard; name = Base; path = Base.lproj/LaunchScreen.storyboard; sourceTree = "<group>"; };
		307B8B34274CB59D00F87767 /* Info.plist */ = {isa = PBXFileReference; lastKnownFileType = text.plist.xml; path = Info.plist; sourceTree = "<group>"; };
		307B8B3A274CB5FF00F87767 /* MainViewController.swift */ = {isa = PBXFileReference; lastKnownFileType = sourcecode.swift; path = MainViewController.swift; sourceTree = "<group>"; };
		307B8B40274CB84A00F87767 /* NetworkManager.swift */ = {isa = PBXFileReference; lastKnownFileType = sourcecode.swift; path = NetworkManager.swift; sourceTree = "<group>"; };
		307B8B43274CB8E600F87767 /* APIKey.swift */ = {isa = PBXFileReference; lastKnownFileType = sourcecode.swift; path = APIKey.swift; sourceTree = "<group>"; };
		307B8B46274CB9C600F87767 /* News.swift */ = {isa = PBXFileReference; lastKnownFileType = sourcecode.swift; path = News.swift; sourceTree = "<group>"; };
		307B8B49274CC19300F87767 /* Response.swift */ = {isa = PBXFileReference; lastKnownFileType = sourcecode.swift; path = Response.swift; sourceTree = "<group>"; };
		307B8B4B274CC50B00F87767 /* NewsBundle.swift */ = {isa = PBXFileReference; lastKnownFileType = sourcecode.swift; path = NewsBundle.swift; sourceTree = "<group>"; };
		307B8B53274CDE9300F87767 /* ArticleViewModel.swift */ = {isa = PBXFileReference; lastKnownFileType = sourcecode.swift; path = ArticleViewModel.swift; sourceTree = "<group>"; };
		307B8B56274CED3200F87767 /* NewsViewModel.swift */ = {isa = PBXFileReference; lastKnownFileType = sourcecode.swift; path = NewsViewModel.swift; sourceTree = "<group>"; };
		307B8B59274D11C000F87767 /* NetworkError.swift */ = {isa = PBXFileReference; lastKnownFileType = sourcecode.swift; path = NetworkError.swift; sourceTree = "<group>"; };
		307B8B5C274D165500F87767 /* HeaderView.swift */ = {isa = PBXFileReference; lastKnownFileType = sourcecode.swift; path = HeaderView.swift; sourceTree = "<group>"; };
		307B8B5E274D1F4600F87767 /* ShadowImageView.swift */ = {isa = PBXFileReference; lastKnownFileType = sourcecode.swift; path = ShadowImageView.swift; sourceTree = "<group>"; };
		307B8B60274D23EC00F87767 /* NewsTableViewCell.swift */ = {isa = PBXFileReference; lastKnownFileType = sourcecode.swift; path = NewsTableViewCell.swift; sourceTree = "<group>"; };
		A5DEF70896CF4F31F2F1435A /* Pods-NewsApp.debug.xcconfig */ = {isa = PBXFileReference; includeInIndex = 1; lastKnownFileType = text.xcconfig; name = "Pods-NewsApp.debug.xcconfig"; path = "Target Support Files/Pods-NewsApp/Pods-NewsApp.debug.xcconfig"; sourceTree = "<group>"; };
		CAE3AC8564B440D9D5F3F83E /* Pods_NewsApp.framework */ = {isa = PBXFileReference; explicitFileType = wrapper.framework; includeInIndex = 0; path = Pods_NewsApp.framework; sourceTree = BUILT_PRODUCTS_DIR; };
		F8E35AF7FD5A9B4BCC5EA759 /* Pods-NewsApp.release.xcconfig */ = {isa = PBXFileReference; includeInIndex = 1; lastKnownFileType = text.xcconfig; name = "Pods-NewsApp.release.xcconfig"; path = "Target Support Files/Pods-NewsApp/Pods-NewsApp.release.xcconfig"; sourceTree = "<group>"; };
/* End PBXFileReference section */

/* Begin PBXFrameworksBuildPhase section */
		307B8B20274CB59B00F87767 /* Frameworks */ = {
			isa = PBXFrameworksBuildPhase;
			buildActionMask = 2147483647;
			files = (
				18C52995974AFF81C2C0B891 /* Pods_NewsApp.framework in Frameworks */,
			);
			runOnlyForDeploymentPostprocessing = 0;
		};
/* End PBXFrameworksBuildPhase section */

/* Begin PBXGroup section */
		185CFACC20D0C86C014F8F25 /* Pods */ = {
			isa = PBXGroup;
			children = (
				A5DEF70896CF4F31F2F1435A /* Pods-NewsApp.debug.xcconfig */,
				F8E35AF7FD5A9B4BCC5EA759 /* Pods-NewsApp.release.xcconfig */,
			);
			path = Pods;
			sourceTree = "<group>";
		};
		307B8B1A274CB59B00F87767 = {
			isa = PBXGroup;
			children = (
				307B8B25274CB59B00F87767 /* NewsApp */,
				307B8B24274CB59B00F87767 /* Products */,
				185CFACC20D0C86C014F8F25 /* Pods */,
				CF6D12989DCF0DCEA2F44820 /* Frameworks */,
			);
			sourceTree = "<group>";
		};
		307B8B24274CB59B00F87767 /* Products */ = {
			isa = PBXGroup;
			children = (
				307B8B23274CB59B00F87767 /* NewsApp.app */,
			);
			name = Products;
			sourceTree = "<group>";
		};
		307B8B25274CB59B00F87767 /* NewsApp */ = {
			isa = PBXGroup;
			children = (
				307B8B5B274D164700F87767 /* Views */,
				307B8B58274D11A600F87767 /* Tools */,
				307B8B55274CEB9600F87767 /* ResponseHandling */,
				307B8B52274CDE5F00F87767 /* ViewModel */,
				307B8B45274CB9AF00F87767 /* Model */,
				307B8B42274CB8D500F87767 /* Config */,
				307B8B3F274CB82D00F87767 /* Services */,
				307B8B3E274CB7E200F87767 /* Controllers */,
				307B8B3D274CB7D700F87767 /* View */,
				307B8B3C274CB7BF00F87767 /* Supporting Files */,
			);
			path = NewsApp;
			sourceTree = "<group>";
		};
		307B8B3C274CB7BF00F87767 /* Supporting Files */ = {
			isa = PBXGroup;
			children = (
				307B8B34274CB59D00F87767 /* Info.plist */,
				307B8B2F274CB59D00F87767 /* Assets.xcassets */,
				307B8B28274CB59B00F87767 /* SceneDelegate.swift */,
				307B8B26274CB59B00F87767 /* AppDelegate.swift */,
			);
			path = "Supporting Files";
			sourceTree = "<group>";
		};
		307B8B3D274CB7D700F87767 /* View */ = {
			isa = PBXGroup;
			children = (
				307B8B31274CB59D00F87767 /* LaunchScreen.storyboard */,
			);
			path = View;
			sourceTree = "<group>";
		};
		307B8B3E274CB7E200F87767 /* Controllers */ = {
			isa = PBXGroup;
			children = (
				307B8B3A274CB5FF00F87767 /* MainViewController.swift */,
			);
			path = Controllers;
			sourceTree = "<group>";
		};
		307B8B3F274CB82D00F87767 /* Services */ = {
			isa = PBXGroup;
			children = (
				307B8B40274CB84A00F87767 /* NetworkManager.swift */,
			);
			path = Services;
			sourceTree = "<group>";
		};
		307B8B42274CB8D500F87767 /* Config */ = {
			isa = PBXGroup;
			children = (
				307B8B43274CB8E600F87767 /* APIKey.swift */,
			);
			path = Config;
			sourceTree = "<group>";
		};
		307B8B45274CB9AF00F87767 /* Model */ = {
			isa = PBXGroup;
			children = (
				307B8B46274CB9C600F87767 /* News.swift */,
				307B8B4B274CC50B00F87767 /* NewsBundle.swift */,
			);
			path = Model;
			sourceTree = "<group>";
		};
		307B8B52274CDE5F00F87767 /* ViewModel */ = {
			isa = PBXGroup;
			children = (
				307B8B53274CDE9300F87767 /* ArticleViewModel.swift */,
				307B8B56274CED3200F87767 /* NewsViewModel.swift */,
			);
			path = ViewModel;
			sourceTree = "<group>";
		};
		307B8B55274CEB9600F87767 /* ResponseHandling */ = {
			isa = PBXGroup;
			children = (
				307B8B49274CC19300F87767 /* Response.swift */,
			);
			path = ResponseHandling;
			sourceTree = "<group>";
		};
		307B8B58274D11A600F87767 /* Tools */ = {
			isa = PBXGroup;
			children = (
				307B8B59274D11C000F87767 /* NetworkError.swift */,
			);
			path = Tools;
			sourceTree = "<group>";
		};
		307B8B5B274D164700F87767 /* Views */ = {
			isa = PBXGroup;
			children = (
				307B8B5C274D165500F87767 /* HeaderView.swift */,
				307B8B5E274D1F4600F87767 /* ShadowImageView.swift */,
				307B8B60274D23EC00F87767 /* NewsTableViewCell.swift */,
			);
			path = Views;
			sourceTree = "<group>";
		};
		CF6D12989DCF0DCEA2F44820 /* Frameworks */ = {
			isa = PBXGroup;
			children = (
				CAE3AC8564B440D9D5F3F83E /* Pods_NewsApp.framework */,
			);
			name = Frameworks;
			sourceTree = "<group>";
		};
/* End PBXGroup section */

/* Begin PBXNativeTarget section */
		307B8B22274CB59B00F87767 /* NewsApp */ = {
			isa = PBXNativeTarget;
			buildConfigurationList = 307B8B37274CB59D00F87767 /* Build configuration list for PBXNativeTarget "NewsApp" */;
			buildPhases = (
				80E8BB7FC1796CB35DC9E81A /* [CP] Check Pods Manifest.lock */,
				307B8B1F274CB59B00F87767 /* Sources */,
				307B8B20274CB59B00F87767 /* Frameworks */,
				307B8B21274CB59B00F87767 /* Resources */,
				44634ED413919950C732E066 /* [CP] Embed Pods Frameworks */,
			);
			buildRules = (
			);
			dependencies = (
			);
			name = NewsApp;
			productName = NewsApp;
			productReference = 307B8B23274CB59B00F87767 /* NewsApp.app */;
			productType = "com.apple.product-type.application";
		};
/* End PBXNativeTarget section */

/* Begin PBXProject section */
		307B8B1B274CB59B00F87767 /* Project object */ = {
			isa = PBXProject;
			attributes = {
				BuildIndependentTargetsInParallel = 1;
				LastSwiftUpdateCheck = 1310;
				LastUpgradeCheck = 1310;
				TargetAttributes = {
					307B8B22274CB59B00F87767 = {
						CreatedOnToolsVersion = 13.1;
					};
				};
			};
			buildConfigurationList = 307B8B1E274CB59B00F87767 /* Build configuration list for PBXProject "NewsApp" */;
			compatibilityVersion = "Xcode 13.0";
			developmentRegion = en;
			hasScannedForEncodings = 0;
			knownRegions = (
				en,
				Base,
			);
			mainGroup = 307B8B1A274CB59B00F87767;
			productRefGroup = 307B8B24274CB59B00F87767 /* Products */;
			projectDirPath = "";
			projectRoot = "";
			targets = (
				307B8B22274CB59B00F87767 /* NewsApp */,
			);
		};
/* End PBXProject section */

/* Begin PBXResourcesBuildPhase section */
		307B8B21274CB59B00F87767 /* Resources */ = {
			isa = PBXResourcesBuildPhase;
			buildActionMask = 2147483647;
			files = (
				307B8B33274CB59D00F87767 /* LaunchScreen.storyboard in Resources */,
				307B8B30274CB59D00F87767 /* Assets.xcassets in Resources */,
			);
			runOnlyForDeploymentPostprocessing = 0;
		};
/* End PBXResourcesBuildPhase section */

/* Begin PBXShellScriptBuildPhase section */
		44634ED413919950C732E066 /* [CP] Embed Pods Frameworks */ = {
			isa = PBXShellScriptBuildPhase;
			buildActionMask = 2147483647;
			files = (
			);
			inputFileListPaths = (
				"${PODS_ROOT}/Target Support Files/Pods-NewsApp/Pods-NewsApp-frameworks-${CONFIGURATION}-input-files.xcfilelist",
			);
			name = "[CP] Embed Pods Frameworks";
			outputFileListPaths = (
				"${PODS_ROOT}/Target Support Files/Pods-NewsApp/Pods-NewsApp-frameworks-${CONFIGURATION}-output-files.xcfilelist",
			);
			runOnlyForDeploymentPostprocessing = 0;
			shellPath = /bin/sh;
			shellScript = "\"${PODS_ROOT}/Target Support Files/Pods-NewsApp/Pods-NewsApp-frameworks.sh\"\n";
			showEnvVarsInLog = 0;
		};
		80E8BB7FC1796CB35DC9E81A /* [CP] Check Pods Manifest.lock */ = {
			isa = PBXShellScriptBuildPhase;
			buildActionMask = 2147483647;
			files = (
			);
			inputFileListPaths = (
			);
			inputPaths = (
				"${PODS_PODFILE_DIR_PATH}/Podfile.lock",
				"${PODS_ROOT}/Manifest.lock",
			);
			name = "[CP] Check Pods Manifest.lock";
			outputFileListPaths = (
			);
			outputPaths = (
				"$(DERIVED_FILE_DIR)/Pods-NewsApp-checkManifestLockResult.txt",
			);
			runOnlyForDeploymentPostprocessing = 0;
			shellPath = /bin/sh;
			shellScript = "diff \"${PODS_PODFILE_DIR_PATH}/Podfile.lock\" \"${PODS_ROOT}/Manifest.lock\" > /dev/null\nif [ $? != 0 ] ; then\n    # print error to STDERR\n    echo \"error: The sandbox is not in sync with the Podfile.lock. Run 'pod install' or update your CocoaPods installation.\" >&2\n    exit 1\nfi\n# This output is used by Xcode 'outputs' to avoid re-running this script phase.\necho \"SUCCESS\" > \"${SCRIPT_OUTPUT_FILE_0}\"\n";
			showEnvVarsInLog = 0;
		};
/* End PBXShellScriptBuildPhase section */

/* Begin PBXSourcesBuildPhase section */
		307B8B1F274CB59B00F87767 /* Sources */ = {
			isa = PBXSourcesBuildPhase;
			buildActionMask = 2147483647;
			files = (
				307B8B5F274D1F4600F87767 /* ShadowImageView.swift in Sources */,
				307B8B47274CB9C600F87767 /* News.swift in Sources */,
				307B8B54274CDE9300F87767 /* ArticleViewModel.swift in Sources */,
				307B8B41274CB84A00F87767 /* NetworkManager.swift in Sources */,
				307B8B4C274CC50B00F87767 /* NewsBundle.swift in Sources */,
				307B8B3B274CB5FF00F87767 /* MainViewController.swift in Sources */,
				307B8B27274CB59B00F87767 /* AppDelegate.swift in Sources */,
				307B8B4A274CC19300F87767 /* Response.swift in Sources */,
				307B8B61274D23EC00F87767 /* NewsTableViewCell.swift in Sources */,
				307B8B5D274D165500F87767 /* HeaderView.swift in Sources */,
				307B8B57274CED3200F87767 /* NewsViewModel.swift in Sources */,
				307B8B29274CB59B00F87767 /* SceneDelegate.swift in Sources */,
				307B8B5A274D11C000F87767 /* NetworkError.swift in Sources */,
				307B8B44274CB8E600F87767 /* APIKey.swift in Sources */,
			);
			runOnlyForDeploymentPostprocessing = 0;
		};
/* End PBXSourcesBuildPhase section */

/* Begin PBXVariantGroup section */
		307B8B31274CB59D00F87767 /* LaunchScreen.storyboard */ = {
			isa = PBXVariantGroup;
			children = (
				307B8B32274CB59D00F87767 /* Base */,
			);
			name = LaunchScreen.storyboard;
			sourceTree = "<group>";
		};
/* End PBXVariantGroup section */

/* Begin XCBuildConfiguration section */
		307B8B35274CB59D00F87767 /* Debug */ = {
			isa = XCBuildConfiguration;
			buildSettings = {
				ALWAYS_SEARCH_USER_PATHS = NO;
				CLANG_ANALYZER_NONNULL = YES;
				CLANG_ANALYZER_NUMBER_OBJECT_CONVERSION = YES_AGGRESSIVE;
				CLANG_CXX_LANGUAGE_STANDARD = "gnu++17";
				CLANG_CXX_LIBRARY = "libc++";
				CLANG_ENABLE_MODULES = YES;
				CLANG_ENABLE_OBJC_ARC = YES;
				CLANG_ENABLE_OBJC_WEAK = YES;
				CLANG_WARN_BLOCK_CAPTURE_AUTORELEASING = YES;
				CLANG_WARN_BOOL_CONVERSION = YES;
				CLANG_WARN_COMMA = YES;
				CLANG_WARN_CONSTANT_CONVERSION = YES;
				CLANG_WARN_DEPRECATED_OBJC_IMPLEMENTATIONS = YES;
				CLANG_WARN_DIRECT_OBJC_ISA_USAGE = YES_ERROR;
				CLANG_WARN_DOCUMENTATION_COMMENTS = YES;
				CLANG_WARN_EMPTY_BODY = YES;
				CLANG_WARN_ENUM_CONVERSION = YES;
				CLANG_WARN_INFINITE_RECURSION = YES;
				CLANG_WARN_INT_CONVERSION = YES;
				CLANG_WARN_NON_LITERAL_NULL_CONVERSION = YES;
				CLANG_WARN_OBJC_IMPLICIT_RETAIN_SELF = YES;
				CLANG_WARN_OBJC_LITERAL_CONVERSION = YES;
				CLANG_WARN_OBJC_ROOT_CLASS = YES_ERROR;
				CLANG_WARN_QUOTED_INCLUDE_IN_FRAMEWORK_HEADER = YES;
				CLANG_WARN_RANGE_LOOP_ANALYSIS = YES;
				CLANG_WARN_STRICT_PROTOTYPES = YES;
				CLANG_WARN_SUSPICIOUS_MOVE = YES;
				CLANG_WARN_UNGUARDED_AVAILABILITY = YES_AGGRESSIVE;
				CLANG_WARN_UNREACHABLE_CODE = YES;
				CLANG_WARN__DUPLICATE_METHOD_MATCH = YES;
				COPY_PHASE_STRIP = NO;
				DEBUG_INFORMATION_FORMAT = dwarf;
				ENABLE_STRICT_OBJC_MSGSEND = YES;
				ENABLE_TESTABILITY = YES;
				GCC_C_LANGUAGE_STANDARD = gnu11;
				GCC_DYNAMIC_NO_PIC = NO;
				GCC_NO_COMMON_BLOCKS = YES;
				GCC_OPTIMIZATION_LEVEL = 0;
				GCC_PREPROCESSOR_DEFINITIONS = (
					"DEBUG=1",
					"$(inherited)",
				);
				GCC_WARN_64_TO_32_BIT_CONVERSION = YES;
				GCC_WARN_ABOUT_RETURN_TYPE = YES_ERROR;
				GCC_WARN_UNDECLARED_SELECTOR = YES;
				GCC_WARN_UNINITIALIZED_AUTOS = YES_AGGRESSIVE;
				GCC_WARN_UNUSED_FUNCTION = YES;
				GCC_WARN_UNUSED_VARIABLE = YES;
				IPHONEOS_DEPLOYMENT_TARGET = 15.0;
				MTL_ENABLE_DEBUG_INFO = INCLUDE_SOURCE;
				MTL_FAST_MATH = YES;
				ONLY_ACTIVE_ARCH = YES;
				SDKROOT = iphoneos;
				SWIFT_ACTIVE_COMPILATION_CONDITIONS = DEBUG;
				SWIFT_OPTIMIZATION_LEVEL = "-Onone";
			};
			name = Debug;
		};
		307B8B36274CB59D00F87767 /* Release */ = {
			isa = XCBuildConfiguration;
			buildSettings = {
				ALWAYS_SEARCH_USER_PATHS = NO;
				CLANG_ANALYZER_NONNULL = YES;
				CLANG_ANALYZER_NUMBER_OBJECT_CONVERSION = YES_AGGRESSIVE;
				CLANG_CXX_LANGUAGE_STANDARD = "gnu++17";
				CLANG_CXX_LIBRARY = "libc++";
				CLANG_ENABLE_MODULES = YES;
				CLANG_ENABLE_OBJC_ARC = YES;
				CLANG_ENABLE_OBJC_WEAK = YES;
				CLANG_WARN_BLOCK_CAPTURE_AUTORELEASING = YES;
				CLANG_WARN_BOOL_CONVERSION = YES;
				CLANG_WARN_COMMA = YES;
				CLANG_WARN_CONSTANT_CONVERSION = YES;
				CLANG_WARN_DEPRECATED_OBJC_IMPLEMENTATIONS = YES;
				CLANG_WARN_DIRECT_OBJC_ISA_USAGE = YES_ERROR;
				CLANG_WARN_DOCUMENTATION_COMMENTS = YES;
				CLANG_WARN_EMPTY_BODY = YES;
				CLANG_WARN_ENUM_CONVERSION = YES;
				CLANG_WARN_INFINITE_RECURSION = YES;
				CLANG_WARN_INT_CONVERSION = YES;
				CLANG_WARN_NON_LITERAL_NULL_CONVERSION = YES;
				CLANG_WARN_OBJC_IMPLICIT_RETAIN_SELF = YES;
				CLANG_WARN_OBJC_LITERAL_CONVERSION = YES;
				CLANG_WARN_OBJC_ROOT_CLASS = YES_ERROR;
				CLANG_WARN_QUOTED_INCLUDE_IN_FRAMEWORK_HEADER = YES;
				CLANG_WARN_RANGE_LOOP_ANALYSIS = YES;
				CLANG_WARN_STRICT_PROTOTYPES = YES;
				CLANG_WARN_SUSPICIOUS_MOVE = YES;
				CLANG_WARN_UNGUARDED_AVAILABILITY = YES_AGGRESSIVE;
				CLANG_WARN_UNREACHABLE_CODE = YES;
				CLANG_WARN__DUPLICATE_METHOD_MATCH = YES;
				COPY_PHASE_STRIP = NO;
				DEBUG_INFORMATION_FORMAT = "dwarf-with-dsym";
				ENABLE_NS_ASSERTIONS = NO;
				ENABLE_STRICT_OBJC_MSGSEND = YES;
				GCC_C_LANGUAGE_STANDARD = gnu11;
				GCC_NO_COMMON_BLOCKS = YES;
				GCC_WARN_64_TO_32_BIT_CONVERSION = YES;
				GCC_WARN_ABOUT_RETURN_TYPE = YES_ERROR;
				GCC_WARN_UNDECLARED_SELECTOR = YES;
				GCC_WARN_UNINITIALIZED_AUTOS = YES_AGGRESSIVE;
				GCC_WARN_UNUSED_FUNCTION = YES;
				GCC_WARN_UNUSED_VARIABLE = YES;
				IPHONEOS_DEPLOYMENT_TARGET = 15.0;
				MTL_ENABLE_DEBUG_INFO = NO;
				MTL_FAST_MATH = YES;
				SDKROOT = iphoneos;
				SWIFT_COMPILATION_MODE = wholemodule;
				SWIFT_OPTIMIZATION_LEVEL = "-O";
				VALIDATE_PRODUCT = YES;
			};
			name = Release;
		};
		307B8B38274CB59D00F87767 /* Debug */ = {
			isa = XCBuildConfiguration;
			baseConfigurationReference = A5DEF70896CF4F31F2F1435A /* Pods-NewsApp.debug.xcconfig */;
			buildSettings = {
				ASSETCATALOG_COMPILER_APPICON_NAME = AppIcon;
				ASSETCATALOG_COMPILER_GLOBAL_ACCENT_COLOR_NAME = AccentColor;
				CODE_SIGN_STYLE = Automatic;
				CURRENT_PROJECT_VERSION = 1;
				DEVELOPMENT_TEAM = 2AW67YD59U;
				GENERATE_INFOPLIST_FILE = YES;
				INFOPLIST_FILE = "NewsApp/Supporting Files/Info.plist";
				INFOPLIST_KEY_UIApplicationSupportsIndirectInputEvents = YES;
				INFOPLIST_KEY_UILaunchStoryboardName = LaunchScreen;
				INFOPLIST_KEY_UIMainStoryboardFile = LaunchScreen;
				INFOPLIST_KEY_UISupportedInterfaceOrientations_iPad = "UIInterfaceOrientationPortrait UIInterfaceOrientationPortraitUpsideDown UIInterfaceOrientationLandscapeLeft UIInterfaceOrientationLandscapeRight";
				INFOPLIST_KEY_UISupportedInterfaceOrientations_iPhone = "UIInterfaceOrientationPortrait UIInterfaceOrientationLandscapeLeft UIInterfaceOrientationLandscapeRight";
				LD_RUNPATH_SEARCH_PATHS = (
					"$(inherited)",
					"@executable_path/Frameworks",
				);
				MARKETING_VERSION = 1.0;
				PRODUCT_BUNDLE_IDENTIFIER = Meritocrat.NewsApp;
				PRODUCT_NAME = "$(TARGET_NAME)";
				SWIFT_EMIT_LOC_STRINGS = YES;
				SWIFT_VERSION = 5.0;
				TARGETED_DEVICE_FAMILY = "1,2";
			};
			name = Debug;
		};
		307B8B39274CB59D00F87767 /* Release */ = {
			isa = XCBuildConfiguration;
			baseConfigurationReference = F8E35AF7FD5A9B4BCC5EA759 /* Pods-NewsApp.release.xcconfig */;
			buildSettings = {
				ASSETCATALOG_COMPILER_APPICON_NAME = AppIcon;
				ASSETCATALOG_COMPILER_GLOBAL_ACCENT_COLOR_NAME = AccentColor;
				CODE_SIGN_STYLE = Automatic;
				CURRENT_PROJECT_VERSION = 1;
				DEVELOPMENT_TEAM = 2AW67YD59U;
				GENERATE_INFOPLIST_FILE = YES;
				INFOPLIST_FILE = "NewsApp/Supporting Files/Info.plist";
				INFOPLIST_KEY_UIApplicationSupportsIndirectInputEvents = YES;
				INFOPLIST_KEY_UILaunchStoryboardName = LaunchScreen;
				INFOPLIST_KEY_UIMainStoryboardFile = LaunchScreen;
				INFOPLIST_KEY_UISupportedInterfaceOrientations_iPad = "UIInterfaceOrientationPortrait UIInterfaceOrientationPortraitUpsideDown UIInterfaceOrientationLandscapeLeft UIInterfaceOrientationLandscapeRight";
				INFOPLIST_KEY_UISupportedInterfaceOrientations_iPhone = "UIInterfaceOrientationPortrait UIInterfaceOrientationLandscapeLeft UIInterfaceOrientationLandscapeRight";
				LD_RUNPATH_SEARCH_PATHS = (
					"$(inherited)",
					"@executable_path/Frameworks",
				);
				MARKETING_VERSION = 1.0;
				PRODUCT_BUNDLE_IDENTIFIER = Meritocrat.NewsApp;
				PRODUCT_NAME = "$(TARGET_NAME)";
				SWIFT_EMIT_LOC_STRINGS = YES;
				SWIFT_VERSION = 5.0;
				TARGETED_DEVICE_FAMILY = "1,2";
			};
			name = Release;
		};
/* End XCBuildConfiguration section */

/* Begin XCConfigurationList section */
		307B8B1E274CB59B00F87767 /* Build configuration list for PBXProject "NewsApp" */ = {
			isa = XCConfigurationList;
			buildConfigurations = (
				307B8B35274CB59D00F87767 /* Debug */,
				307B8B36274CB59D00F87767 /* Release */,
			);
			defaultConfigurationIsVisible = 0;
			defaultConfigurationName = Release;
		};
		307B8B37274CB59D00F87767 /* Build configuration list for PBXNativeTarget "NewsApp" */ = {
			isa = XCConfigurationList;
			buildConfigurations = (
				307B8B38274CB59D00F87767 /* Debug */,
				307B8B39274CB59D00F87767 /* Release */,
			);
			defaultConfigurationIsVisible = 0;
			defaultConfigurationName = Release;
		};
/* End XCConfigurationList section */
	};
	rootObject = 307B8B1B274CB59B00F87767 /* Project object */;
}
